
Microsoft Visual Studio Solution File, Format Version 12.00
# Visual Studio 15
VisualStudioVersion = 15.0.28010.2036
MinimumVisualStudioVersion = 10.0.40219.1
Project("{9A19103F-16F7-4668-BE54-9A1E7A4F7556}") = "AndreasBank", "AndreasBank\AndreasBank.csproj", "{B6C9858E-577A-4E02-B4AC-2343A2A2CE53}"
EndProject
Project("{9A19103F-16F7-4668-BE54-9A1E7A4F7556}") = "AndreasBankUnitTest", "AndreasBankUnitTest\AndreasBankUnitTest.csproj", "{A01E956C-A3E3-4F0B-AF81-D19BFA6AFC8F}"
EndProject
Project("{2150E333-8FDC-42A3-9474-1A3956D46DE8}") = "Solution Items", "Solution Items", "{6E91A38C-D6FF-4D1F-87A9-6F55A1289C87}"
	ProjectSection(SolutionItems) = preProject
		README.md = README.md
	EndProjectSection
EndProject
Global
	GlobalSection(SolutionConfigurationPlatforms) = preSolution
		Debug|Any CPU = Debug|Any CPU
		Release|Any CPU = Release|Any CPU
	EndGlobalSection
	GlobalSection(ProjectConfigurationPlatforms) = postSolution
		{B6C9858E-577A-4E02-B4AC-2343A2A2CE53}.Debug|Any CPU.ActiveCfg = Debug|Any CPU
		{B6C9858E-577A-4E02-B4AC-2343A2A2CE53}.Debug|Any CPU.Build.0 = Debug|Any CPU
		{B6C9858E-577A-4E02-B4AC-2343A2A2CE53}.Release|Any CPU.ActiveCfg = Release|Any CPU
		{B6C9858E-577A-4E02-B4AC-2343A2A2CE53}.Release|Any CPU.Build.0 = Release|Any CPU
		{A01E956C-A3E3-4F0B-AF81-D19BFA6AFC8F}.Debug|Any CPU.ActiveCfg = Debug|Any CPU
		{A01E956C-A3E3-4F0B-AF81-D19BFA6AFC8F}.Debug|Any CPU.Build.0 = Debug|Any CPU
		{A01E956C-A3E3-4F0B-AF81-D19BFA6AFC8F}.Release|Any CPU.ActiveCfg = Release|Any CPU
		{A01E956C-A3E3-4F0B-AF81-D19BFA6AFC8F}.Release|Any CPU.Build.0 = Release|Any CPU
	EndGlobalSection
	GlobalSection(SolutionProperties) = preSolution
		HideSolutionNode = FALSE
	EndGlobalSection
	GlobalSection(ExtensibilityGlobals) = postSolution
		SolutionGuid = {DBE78FAE-B68F-4DC0-B4BD-2F23E14BB06E}
	EndGlobalSection
EndGlobal
